
Microsoft Visual Studio Solution File, Format Version 12.00
# Visual Studio Version 17
VisualStudioVersion = 17.5.33516.290
MinimumVisualStudioVersion = 10.0.40219.1
Project("{FAE04EC0-301F-11D3-BF4B-00C04F79EFBC}") = "BlazorApp1", "BlazorApp1.csproj", "{DB4B3286-58DE-4491-B800-4B6D9B817F46}"
EndProject
Global
	GlobalSection(SolutionConfigurationPlatforms) = preSolution
		Debug|Any CPU = Debug|Any CPU
		Release|Any CPU = Release|Any CPU
	EndGlobalSection
	GlobalSection(ProjectConfigurationPlatforms) = postSolution
		{DB4B3286-58DE-4491-B800-4B6D9B817F46}.Debug|Any CPU.ActiveCfg = Debug|Any CPU
		{DB4B3286-58DE-4491-B800-4B6D9B817F46}.Debug|Any CPU.Build.0 = Debug|Any CPU
		{DB4B3286-58DE-4491-B800-4B6D9B817F46}.Release|Any CPU.ActiveCfg = Release|Any CPU
		{DB4B3286-58DE-4491-B800-4B6D9B817F46}.Release|Any CPU.Build.0 = Release|Any CPU
	EndGlobalSection
	GlobalSection(SolutionProperties) = preSolution
		HideSolutionNode = FALSE
	EndGlobalSection
	GlobalSection(ExtensibilityGlobals) = postSolution
		SolutionGuid = {E7B7D550-9FF1-4A5F-B843-A2BAEDC9F65E}
	EndGlobalSection
EndGlobal
